
Microsoft Visual Studio Solution File, Format Version 12.00
# Visual Studio Version 16
VisualStudioVersion = 16.0.30611.23
MinimumVisualStudioVersion = 10.0.40219.1
Project("{FAE04EC0-301F-11D3-BF4B-00C04F79EFBC}") = "CopyDotnetTestCommand", "CopyDotnetTestCommand\CopyDotnetTestCommand.csproj", "{4B47EB37-FF9D-4E39-9F20-74662A0F029B}"
EndProject
Project("{FAE04EC0-301F-11D3-BF4B-00C04F79EFBC}") = "CopyDotnetTestCommand.UnitTests", "CopyDotnetTestCommand.UnitTests\CopyDotnetTestCommand.UnitTests.csproj", "{E7A605CF-D1A1-416C-BB48-090EA6DA4397}"
EndProject
Global
	GlobalSection(SolutionConfigurationPlatforms) = preSolution
		Debug|Any CPU = Debug|Any CPU
		Release|Any CPU = Release|Any CPU
	EndGlobalSection
	GlobalSection(ProjectConfigurationPlatforms) = postSolution
		{4B47EB37-FF9D-4E39-9F20-74662A0F029B}.Debug|Any CPU.ActiveCfg = Debug|Any CPU
		{4B47EB37-FF9D-4E39-9F20-74662A0F029B}.Debug|Any CPU.Build.0 = Debug|Any CPU
		{4B47EB37-FF9D-4E39-9F20-74662A0F029B}.Release|Any CPU.ActiveCfg = Release|Any CPU
		{4B47EB37-FF9D-4E39-9F20-74662A0F029B}.Release|Any CPU.Build.0 = Release|Any CPU
		{E7A605CF-D1A1-416C-BB48-090EA6DA4397}.Debug|Any CPU.ActiveCfg = Debug|x86
		{E7A605CF-D1A1-416C-BB48-090EA6DA4397}.Debug|Any CPU.Build.0 = Debug|x86
		{E7A605CF-D1A1-416C-BB48-090EA6DA4397}.Release|Any CPU.ActiveCfg = Release|Any CPU
		{E7A605CF-D1A1-416C-BB48-090EA6DA4397}.Release|Any CPU.Build.0 = Release|Any CPU
	EndGlobalSection
	GlobalSection(SolutionProperties) = preSolution
		HideSolutionNode = FALSE
	EndGlobalSection
	GlobalSection(ExtensibilityGlobals) = postSolution
		SolutionGuid = {9750D35D-9D9E-4BF7-8653-5BBB7A09C40C}
	EndGlobalSection
EndGlobal
